
Microsoft Visual Studio Solution File, Format Version 12.00
# Visual Studio Version 16
VisualStudioVersion = 16.0.30523.141
MinimumVisualStudioVersion = 10.0.40219.1
Project("{FAE04EC0-301F-11D3-BF4B-00C04F79EFBC}") = "SiebelLogaliserReborn", "SiebelLogaliserReborn\SiebelLogaliserReborn.csproj", "{76927E5F-956B-4A48-8856-D42D2B4DDE9A}"
EndProject
Global
	GlobalSection(SolutionConfigurationPlatforms) = preSolution
		Debug|Any CPU = Debug|Any CPU
		Release|Any CPU = Release|Any CPU
	EndGlobalSection
	GlobalSection(ProjectConfigurationPlatforms) = postSolution
		{76927E5F-956B-4A48-8856-D42D2B4DDE9A}.Debug|Any CPU.ActiveCfg = Debug|Any CPU
		{76927E5F-956B-4A48-8856-D42D2B4DDE9A}.Debug|Any CPU.Build.0 = Debug|Any CPU
		{76927E5F-956B-4A48-8856-D42D2B4DDE9A}.Release|Any CPU.ActiveCfg = Release|Any CPU
		{76927E5F-956B-4A48-8856-D42D2B4DDE9A}.Release|Any CPU.Build.0 = Release|Any CPU
	EndGlobalSection
	GlobalSection(SolutionProperties) = preSolution
		HideSolutionNode = FALSE
	EndGlobalSection
	GlobalSection(ExtensibilityGlobals) = postSolution
		SolutionGuid = {05691386-0AAE-47C8-9AED-E3767D316A7A}
	EndGlobalSection
EndGlobal
